
Microsoft Visual Studio Solution File, Format Version 12.00
Project("{FAE04EC0-301F-11D3-BF4B-00C04F79EFBC}") = "ItlaCodeChallenge", "ItlaCodeChallenge\ItlaCodeChallenge.csproj", "{F6F98503-24E4-4E7F-A08C-CC608E845F82}"
EndProject
Global
	GlobalSection(SolutionConfigurationPlatforms) = preSolution
		Debug|Any CPU = Debug|Any CPU
		Release|Any CPU = Release|Any CPU
	EndGlobalSection
	GlobalSection(ProjectConfigurationPlatforms) = postSolution
		{F6F98503-24E4-4E7F-A08C-CC608E845F82}.Debug|Any CPU.ActiveCfg = Debug|Any CPU
		{F6F98503-24E4-4E7F-A08C-CC608E845F82}.Debug|Any CPU.Build.0 = Debug|Any CPU
		{F6F98503-24E4-4E7F-A08C-CC608E845F82}.Release|Any CPU.ActiveCfg = Release|Any CPU
		{F6F98503-24E4-4E7F-A08C-CC608E845F82}.Release|Any CPU.Build.0 = Release|Any CPU
	EndGlobalSection
EndGlobal
