
Microsoft Visual Studio Solution File, Format Version 12.00
# Visual Studio Version 17
VisualStudioVersion = 17.8.34511.84
MinimumVisualStudioVersion = 10.0.40219.1
Project("{2150E333-8FDC-42A3-9474-1A3956D46DE8}") = "Core", "Core", "{F788557D-EF3D-4E57-AED5-DC4304B1AA23}"
EndProject
Project("{2150E333-8FDC-42A3-9474-1A3956D46DE8}") = "Presentation", "Presentation", "{9B149132-6BFB-4E92-8423-DCDCD58F3952}"
EndProject
Project("{2150E333-8FDC-42A3-9474-1A3956D46DE8}") = "Infrastructure", "Infrastructure", "{2C260F0A-0AC5-4E8A-B035-96D9BE7E1C4B}"
EndProject
Project("{9A19103F-16F7-4668-BE54-9A1E7A4F7556}") = "Backend.Core.Domain", "Backend.Core.Domain\Backend.Core.Domain.csproj", "{B67F30CE-074C-4A6E-9325-21CAF1087E07}"
EndProject
Project("{9A19103F-16F7-4668-BE54-9A1E7A4F7556}") = "Backend.Core.Application", "Backend.Core.Application\Backend.Core.Application.csproj", "{7F6845B1-4980-4393-B3BE-5C97954108E5}"
EndProject
Project("{9A19103F-16F7-4668-BE54-9A1E7A4F7556}") = "Backend.Infrastructure.Persistence", "Backend.Infrastructure.Persistence\Backend.Infrastructure.Persistence.csproj", "{6F929DBF-E3EB-410F-9B9A-B1F6A7BF6234}"
EndProject
Project("{9A19103F-16F7-4668-BE54-9A1E7A4F7556}") = "Backend.Infrastructure.Identity", "Backend.Infrastructure.Identity\Backend.Infrastructure.Identity.csproj", "{B71DCD04-EE6C-49C4-A59E-58EB27DBF076}"
EndProject
Project("{2150E333-8FDC-42A3-9474-1A3956D46DE8}") = "WepApi", "WepApi", "{E45F9E18-9323-444E-A01C-C0FBFAF3E495}"
EndProject
Project("{FAE04EC0-301F-11D3-BF4B-00C04F79EFBC}") = "ITLACodeChallengeClock", "ITLACodeChallengeClock\ITLACodeChallengeClock.csproj", "{47489247-B766-48D0-983B-923135CC628F}"
EndProject
Global
	GlobalSection(SolutionConfigurationPlatforms) = preSolution
		Debug|Any CPU = Debug|Any CPU
		Release|Any CPU = Release|Any CPU
	EndGlobalSection
	GlobalSection(ProjectConfigurationPlatforms) = postSolution
		{B67F30CE-074C-4A6E-9325-21CAF1087E07}.Debug|Any CPU.ActiveCfg = Debug|Any CPU
		{B67F30CE-074C-4A6E-9325-21CAF1087E07}.Debug|Any CPU.Build.0 = Debug|Any CPU
		{B67F30CE-074C-4A6E-9325-21CAF1087E07}.Release|Any CPU.ActiveCfg = Release|Any CPU
		{B67F30CE-074C-4A6E-9325-21CAF1087E07}.Release|Any CPU.Build.0 = Release|Any CPU
		{7F6845B1-4980-4393-B3BE-5C97954108E5}.Debug|Any CPU.ActiveCfg = Debug|Any CPU
		{7F6845B1-4980-4393-B3BE-5C97954108E5}.Debug|Any CPU.Build.0 = Debug|Any CPU
		{7F6845B1-4980-4393-B3BE-5C97954108E5}.Release|Any CPU.ActiveCfg = Release|Any CPU
		{7F6845B1-4980-4393-B3BE-5C97954108E5}.Release|Any CPU.Build.0 = Release|Any CPU
		{6F929DBF-E3EB-410F-9B9A-B1F6A7BF6234}.Debug|Any CPU.ActiveCfg = Debug|Any CPU
		{6F929DBF-E3EB-410F-9B9A-B1F6A7BF6234}.Debug|Any CPU.Build.0 = Debug|Any CPU
		{6F929DBF-E3EB-410F-9B9A-B1F6A7BF6234}.Release|Any CPU.ActiveCfg = Release|Any CPU
		{6F929DBF-E3EB-410F-9B9A-B1F6A7BF6234}.Release|Any CPU.Build.0 = Release|Any CPU
		{B71DCD04-EE6C-49C4-A59E-58EB27DBF076}.Debug|Any CPU.ActiveCfg = Debug|Any CPU
		{B71DCD04-EE6C-49C4-A59E-58EB27DBF076}.Debug|Any CPU.Build.0 = Debug|Any CPU
		{B71DCD04-EE6C-49C4-A59E-58EB27DBF076}.Release|Any CPU.ActiveCfg = Release|Any CPU
		{B71DCD04-EE6C-49C4-A59E-58EB27DBF076}.Release|Any CPU.Build.0 = Release|Any CPU
		{47489247-B766-48D0-983B-923135CC628F}.Debug|Any CPU.ActiveCfg = Debug|Any CPU
		{47489247-B766-48D0-983B-923135CC628F}.Debug|Any CPU.Build.0 = Debug|Any CPU
		{47489247-B766-48D0-983B-923135CC628F}.Release|Any CPU.ActiveCfg = Release|Any CPU
		{47489247-B766-48D0-983B-923135CC628F}.Release|Any CPU.Build.0 = Release|Any CPU
	EndGlobalSection
	GlobalSection(SolutionProperties) = preSolution
		HideSolutionNode = FALSE
	EndGlobalSection
	GlobalSection(NestedProjects) = preSolution
		{B67F30CE-074C-4A6E-9325-21CAF1087E07} = {F788557D-EF3D-4E57-AED5-DC4304B1AA23}
		{7F6845B1-4980-4393-B3BE-5C97954108E5} = {F788557D-EF3D-4E57-AED5-DC4304B1AA23}
		{6F929DBF-E3EB-410F-9B9A-B1F6A7BF6234} = {2C260F0A-0AC5-4E8A-B035-96D9BE7E1C4B}
		{B71DCD04-EE6C-49C4-A59E-58EB27DBF076} = {2C260F0A-0AC5-4E8A-B035-96D9BE7E1C4B}
		{E45F9E18-9323-444E-A01C-C0FBFAF3E495} = {9B149132-6BFB-4E92-8423-DCDCD58F3952}
		{47489247-B766-48D0-983B-923135CC628F} = {E45F9E18-9323-444E-A01C-C0FBFAF3E495}
	EndGlobalSection
	GlobalSection(ExtensibilityGlobals) = postSolution
		SolutionGuid = {6E88EA76-7A72-4DED-95EB-836BF7761F02}
	EndGlobalSection
EndGlobal
